{
  "name": "vue-summernote-slim",
  "version": "1.0.2",
  "lockfileVersion": 1,
  "requires": true,
  "dependencies": {
    "jquery": {
      "version": "3.3.1",
      "resolved": "https://registry.npmjs.org/jquery/-/jquery-3.3.1.tgz",
      "integrity": "sha512-Ubldcmxp5np52/ENotGxlLe6aGMvmF4R8S6tZjsP6Knsaxd/xp3Zrh50cG93lR6nPXyUFwzN3ZSOQI0wRJNdGg=="
    },
    "summernote": {
      "version": "0.8.11",
      "resolved": "https://registry.npmjs.org/summernote/-/summernote-0.8.11.tgz",
      "integrity": "sha512-j+YbSK2ox1RZGeD5E/+6k57bvqhQLxiaazSj9zHBXOJnCuc0LZPSIGwyTlMaAGWpo6FlkXfjGS93hEDkV3zVJw=="
    },
    "vue": {
      "version": "2.6.10",
      "resolved": "https://registry.npmjs.org/vue/-/vue-2.6.10.tgz",
      "integrity": "sha512-ImThpeNU9HbdZL3utgMCq0oiMzAkt1mcgy3/E6zWC/G6AaQoeuFdsl9nDhTDU3X1R6FK7nsIUuRACVcjI+A2GQ=="
    }
  }
}
